
Microsoft Visual Studio Solution File, Format Version 12.00
# Visual Studio Version 17
VisualStudioVersion = 17.0.32112.339
MinimumVisualStudioVersion = 10.0.40219.1
Project("{9A19103F-16F7-4668-BE54-9A1E7A4F7556}") = "Palantir.CoreLib", "Palantir.CoreLib\Palantir.CoreLib.csproj", "{0CF64B74-32BA-4C90-98F1-4EE096D4FBD4}"
EndProject
Project("{9A19103F-16F7-4668-BE54-9A1E7A4F7556}") = "Palantir.DataHub", "Palantir.DataHub\Palantir.DataHub.csproj", "{C19AB72A-A0A3-4E2E-8F88-E9CDADF43FB1}"
EndProject
Project("{9A19103F-16F7-4668-BE54-9A1E7A4F7556}") = "Palantir.Collector", "Palantir.Collector\Palantir.Collector.csproj", "{3B6FD129-B0EE-4098-82CD-EFA833AF60FA}"
EndProject
Global
	GlobalSection(SolutionConfigurationPlatforms) = preSolution
		Debug|Any CPU = Debug|Any CPU
		Release|Any CPU = Release|Any CPU
	EndGlobalSection
	GlobalSection(ProjectConfigurationPlatforms) = postSolution
		{0CF64B74-32BA-4C90-98F1-4EE096D4FBD4}.Debug|Any CPU.ActiveCfg = Debug|Any CPU
		{0CF64B74-32BA-4C90-98F1-4EE096D4FBD4}.Debug|Any CPU.Build.0 = Debug|Any CPU
		{0CF64B74-32BA-4C90-98F1-4EE096D4FBD4}.Release|Any CPU.ActiveCfg = Release|Any CPU
		{0CF64B74-32BA-4C90-98F1-4EE096D4FBD4}.Release|Any CPU.Build.0 = Release|Any CPU
		{C19AB72A-A0A3-4E2E-8F88-E9CDADF43FB1}.Debug|Any CPU.ActiveCfg = Debug|Any CPU
		{C19AB72A-A0A3-4E2E-8F88-E9CDADF43FB1}.Debug|Any CPU.Build.0 = Debug|Any CPU
		{C19AB72A-A0A3-4E2E-8F88-E9CDADF43FB1}.Release|Any CPU.ActiveCfg = Release|Any CPU
		{C19AB72A-A0A3-4E2E-8F88-E9CDADF43FB1}.Release|Any CPU.Build.0 = Release|Any CPU
		{3B6FD129-B0EE-4098-82CD-EFA833AF60FA}.Debug|Any CPU.ActiveCfg = Debug|Any CPU
		{3B6FD129-B0EE-4098-82CD-EFA833AF60FA}.Debug|Any CPU.Build.0 = Debug|Any CPU
		{3B6FD129-B0EE-4098-82CD-EFA833AF60FA}.Release|Any CPU.ActiveCfg = Release|Any CPU
		{3B6FD129-B0EE-4098-82CD-EFA833AF60FA}.Release|Any CPU.Build.0 = Release|Any CPU
	EndGlobalSection
	GlobalSection(SolutionProperties) = preSolution
		HideSolutionNode = FALSE
	EndGlobalSection
	GlobalSection(ExtensibilityGlobals) = postSolution
		SolutionGuid = {B956A809-B37D-42F3-A218-EFA36CBFAFFD}
	EndGlobalSection
EndGlobal
