
Microsoft Visual Studio Solution File, Format Version 12.00
# Visual Studio Version 16
VisualStudioVersion = 16.0.31025.194
MinimumVisualStudioVersion = 10.0.40219.1
Project("{9A19103F-16F7-4668-BE54-9A1E7A4F7556}") = "Common", "Common\Common.csproj", "{0F20805F-EB72-455A-8074-263D7770FAF7}"
EndProject
Project("{9A19103F-16F7-4668-BE54-9A1E7A4F7556}") = "DataFair", "DataFair\DataFair.csproj", "{1BAADCFD-8D25-4864-9841-5467489E15E4}"
EndProject
Project("{888888A0-9F3D-457C-B088-3A5042F75D52}") = "DataReaper", "DataReaper\DataReaper.pyproj", "{37BDC37E-C335-44A1-A31A-B1A88D3E88F1}"
EndProject
Project("{9A19103F-16F7-4668-BE54-9A1E7A4F7556}") = "Bot.Core", "Bot.Core\Bot.Core.csproj", "{70E95916-55E5-4A49-8EB1-1411B9DE4414}"
EndProject
Project("{9A19103F-16F7-4668-BE54-9A1E7A4F7556}") = "Common.Tests", "Common.Tests\Common.Tests.csproj", "{88C5F5A0-3258-47B1-898B-431379DCBFB2}"
EndProject
Project("{9A19103F-16F7-4668-BE54-9A1E7A4F7556}") = "NotificationTest", "NotificationTest\NotificationTest.csproj", "{FE40672B-D5F6-4AF3-8B86-E1437CAC5685}"
EndProject
Project("{9A19103F-16F7-4668-BE54-9A1E7A4F7556}") = "SearchBot.Service", "SearchBot.Service\SearchBot.Service.csproj", "{1896C06D-FF5A-4452-B13C-62D55A6129ED}"
EndProject
Project("{2150E333-8FDC-42A3-9474-1A3956D46DE8}") = "Bots", "Bots", "{6EB128D7-111A-4F64-9565-8E621328ABA7}"
EndProject
Project("{9A19103F-16F7-4668-BE54-9A1E7A4F7556}") = "Bot.Tests", "Bot.Tests\Bot.Tests.csproj", "{E73B1302-BE95-415C-B313-AA2C35D099FE}"
EndProject
Project("{FAE04EC0-301F-11D3-BF4B-00C04F79EFBC}") = "SearchLoader", "..\SearchLoader\SearchLoader.csproj", "{FB7CE643-A902-45E6-BA70-5212A6DD1111}"
EndProject
Global
	GlobalSection(SolutionConfigurationPlatforms) = preSolution
		Debug|Any CPU = Debug|Any CPU
		Release|Any CPU = Release|Any CPU
	EndGlobalSection
	GlobalSection(ProjectConfigurationPlatforms) = postSolution
		{0F20805F-EB72-455A-8074-263D7770FAF7}.Debug|Any CPU.ActiveCfg = Debug|Any CPU
		{0F20805F-EB72-455A-8074-263D7770FAF7}.Debug|Any CPU.Build.0 = Debug|Any CPU
		{0F20805F-EB72-455A-8074-263D7770FAF7}.Release|Any CPU.ActiveCfg = Release|Any CPU
		{0F20805F-EB72-455A-8074-263D7770FAF7}.Release|Any CPU.Build.0 = Release|Any CPU
		{1BAADCFD-8D25-4864-9841-5467489E15E4}.Debug|Any CPU.ActiveCfg = Debug|Any CPU
		{1BAADCFD-8D25-4864-9841-5467489E15E4}.Debug|Any CPU.Build.0 = Debug|Any CPU
		{1BAADCFD-8D25-4864-9841-5467489E15E4}.Release|Any CPU.ActiveCfg = Release|Any CPU
		{1BAADCFD-8D25-4864-9841-5467489E15E4}.Release|Any CPU.Build.0 = Release|Any CPU
		{37BDC37E-C335-44A1-A31A-B1A88D3E88F1}.Debug|Any CPU.ActiveCfg = Debug|Any CPU
		{37BDC37E-C335-44A1-A31A-B1A88D3E88F1}.Release|Any CPU.ActiveCfg = Release|Any CPU
		{70E95916-55E5-4A49-8EB1-1411B9DE4414}.Debug|Any CPU.ActiveCfg = Debug|Any CPU
		{70E95916-55E5-4A49-8EB1-1411B9DE4414}.Debug|Any CPU.Build.0 = Debug|Any CPU
		{70E95916-55E5-4A49-8EB1-1411B9DE4414}.Release|Any CPU.ActiveCfg = Release|Any CPU
		{70E95916-55E5-4A49-8EB1-1411B9DE4414}.Release|Any CPU.Build.0 = Release|Any CPU
		{88C5F5A0-3258-47B1-898B-431379DCBFB2}.Debug|Any CPU.ActiveCfg = Debug|Any CPU
		{88C5F5A0-3258-47B1-898B-431379DCBFB2}.Debug|Any CPU.Build.0 = Debug|Any CPU
		{88C5F5A0-3258-47B1-898B-431379DCBFB2}.Release|Any CPU.ActiveCfg = Release|Any CPU
		{88C5F5A0-3258-47B1-898B-431379DCBFB2}.Release|Any CPU.Build.0 = Release|Any CPU
		{FE40672B-D5F6-4AF3-8B86-E1437CAC5685}.Debug|Any CPU.ActiveCfg = Debug|Any CPU
		{FE40672B-D5F6-4AF3-8B86-E1437CAC5685}.Debug|Any CPU.Build.0 = Debug|Any CPU
		{FE40672B-D5F6-4AF3-8B86-E1437CAC5685}.Release|Any CPU.ActiveCfg = Release|Any CPU
		{FE40672B-D5F6-4AF3-8B86-E1437CAC5685}.Release|Any CPU.Build.0 = Release|Any CPU
		{1896C06D-FF5A-4452-B13C-62D55A6129ED}.Debug|Any CPU.ActiveCfg = Debug|Any CPU
		{1896C06D-FF5A-4452-B13C-62D55A6129ED}.Debug|Any CPU.Build.0 = Debug|Any CPU
		{1896C06D-FF5A-4452-B13C-62D55A6129ED}.Release|Any CPU.ActiveCfg = Release|Any CPU
		{1896C06D-FF5A-4452-B13C-62D55A6129ED}.Release|Any CPU.Build.0 = Release|Any CPU
		{E73B1302-BE95-415C-B313-AA2C35D099FE}.Debug|Any CPU.ActiveCfg = Debug|Any CPU
		{E73B1302-BE95-415C-B313-AA2C35D099FE}.Debug|Any CPU.Build.0 = Debug|Any CPU
		{E73B1302-BE95-415C-B313-AA2C35D099FE}.Release|Any CPU.ActiveCfg = Release|Any CPU
		{E73B1302-BE95-415C-B313-AA2C35D099FE}.Release|Any CPU.Build.0 = Release|Any CPU
		{FB7CE643-A902-45E6-BA70-5212A6DD1111}.Debug|Any CPU.ActiveCfg = Debug|Any CPU
		{FB7CE643-A902-45E6-BA70-5212A6DD1111}.Debug|Any CPU.Build.0 = Debug|Any CPU
		{FB7CE643-A902-45E6-BA70-5212A6DD1111}.Release|Any CPU.ActiveCfg = Release|Any CPU
		{FB7CE643-A902-45E6-BA70-5212A6DD1111}.Release|Any CPU.Build.0 = Release|Any CPU
	EndGlobalSection
	GlobalSection(SolutionProperties) = preSolution
		HideSolutionNode = FALSE
	EndGlobalSection
	GlobalSection(NestedProjects) = preSolution
		{70E95916-55E5-4A49-8EB1-1411B9DE4414} = {6EB128D7-111A-4F64-9565-8E621328ABA7}
		{1896C06D-FF5A-4452-B13C-62D55A6129ED} = {6EB128D7-111A-4F64-9565-8E621328ABA7}
		{E73B1302-BE95-415C-B313-AA2C35D099FE} = {6EB128D7-111A-4F64-9565-8E621328ABA7}
	EndGlobalSection
	GlobalSection(ExtensibilityGlobals) = postSolution
		SolutionGuid = {B956A809-B37D-42F3-A218-EFA36CBFAFFD}
	EndGlobalSection
EndGlobal
