
Microsoft Visual Studio Solution File, Format Version 12.00
# Visual Studio Version 16
VisualStudioVersion = 16.0.31025.194
MinimumVisualStudioVersion = 10.0.40219.1
Project("{9A19103F-16F7-4668-BE54-9A1E7A4F7556}") = "Common", "Common\Common.csproj", "{0F20805F-EB72-455A-8074-263D7770FAF7}"
EndProject
Project("{9A19103F-16F7-4668-BE54-9A1E7A4F7556}") = "DataFair", "DataFair\DataFair.csproj", "{1BAADCFD-8D25-4864-9841-5467489E15E4}"
EndProject
Project("{888888A0-9F3D-457C-B088-3A5042F75D52}") = "DataReaper", "DataReaper\DataReaper.pyproj", "{37BDC37E-C335-44A1-A31A-B1A88D3E88F1}"
EndProject
Project("{9A19103F-16F7-4668-BE54-9A1E7A4F7556}") = "Bot.Core", "Bot.Core\Bot.Core.csproj", "{70E95916-55E5-4A49-8EB1-1411B9DE4414}"
EndProject
Project("{9A19103F-16F7-4668-BE54-9A1E7A4F7556}") = "Bot.Service", "Bot.Service\Bot.Service.csproj", "{D613D811-914D-43C9-A79A-00B440E3E2F3}"
EndProject
Global
	GlobalSection(SolutionConfigurationPlatforms) = preSolution
		Debug|Any CPU = Debug|Any CPU
		Release|Any CPU = Release|Any CPU
	EndGlobalSection
	GlobalSection(ProjectConfigurationPlatforms) = postSolution
		{0F20805F-EB72-455A-8074-263D7770FAF7}.Debug|Any CPU.ActiveCfg = Debug|Any CPU
		{0F20805F-EB72-455A-8074-263D7770FAF7}.Debug|Any CPU.Build.0 = Debug|Any CPU
		{0F20805F-EB72-455A-8074-263D7770FAF7}.Release|Any CPU.ActiveCfg = Release|Any CPU
		{0F20805F-EB72-455A-8074-263D7770FAF7}.Release|Any CPU.Build.0 = Release|Any CPU
		{1BAADCFD-8D25-4864-9841-5467489E15E4}.Debug|Any CPU.ActiveCfg = Debug|Any CPU
		{1BAADCFD-8D25-4864-9841-5467489E15E4}.Debug|Any CPU.Build.0 = Debug|Any CPU
		{1BAADCFD-8D25-4864-9841-5467489E15E4}.Release|Any CPU.ActiveCfg = Release|Any CPU
		{1BAADCFD-8D25-4864-9841-5467489E15E4}.Release|Any CPU.Build.0 = Release|Any CPU
		{37BDC37E-C335-44A1-A31A-B1A88D3E88F1}.Debug|Any CPU.ActiveCfg = Debug|Any CPU
		{37BDC37E-C335-44A1-A31A-B1A88D3E88F1}.Release|Any CPU.ActiveCfg = Release|Any CPU
		{70E95916-55E5-4A49-8EB1-1411B9DE4414}.Debug|Any CPU.ActiveCfg = Debug|Any CPU
		{70E95916-55E5-4A49-8EB1-1411B9DE4414}.Debug|Any CPU.Build.0 = Debug|Any CPU
		{70E95916-55E5-4A49-8EB1-1411B9DE4414}.Release|Any CPU.ActiveCfg = Release|Any CPU
		{70E95916-55E5-4A49-8EB1-1411B9DE4414}.Release|Any CPU.Build.0 = Release|Any CPU
		{D613D811-914D-43C9-A79A-00B440E3E2F3}.Debug|Any CPU.ActiveCfg = Debug|Any CPU
		{D613D811-914D-43C9-A79A-00B440E3E2F3}.Debug|Any CPU.Build.0 = Debug|Any CPU
		{D613D811-914D-43C9-A79A-00B440E3E2F3}.Release|Any CPU.ActiveCfg = Release|Any CPU
		{D613D811-914D-43C9-A79A-00B440E3E2F3}.Release|Any CPU.Build.0 = Release|Any CPU
	EndGlobalSection
	GlobalSection(SolutionProperties) = preSolution
		HideSolutionNode = FALSE
	EndGlobalSection
	GlobalSection(ExtensibilityGlobals) = postSolution
		SolutionGuid = {B956A809-B37D-42F3-A218-EFA36CBFAFFD}
	EndGlobalSection
EndGlobal
